// !$*UTF8*$!
{
	archiveVersion = 1;
	classes = {
	};
	objectVersion = 46;
	objects = {

/* Begin PBXBuildFile section */
		112AE8161E2BAB3500E688A7 /* YLScanView.swift in Sources */ = {isa = PBXBuildFile; fileRef = 112AE8151E2BAB3500E688A7 /* YLScanView.swift */; };
		112AE8181E2BAB8900E688A7 /* YLScanViewController.swift in Sources */ = {isa = PBXBuildFile; fileRef = 112AE8171E2BAB8900E688A7 /* YLScanViewController.swift */; };
		112AE81A1E2C9F3200E688A7 /* YLScanIcon.bundle in Resources */ = {isa = PBXBuildFile; fileRef = 112AE8191E2C9F3200E688A7 /* YLScanIcon.bundle */; };
		112AE81C1E2CA4CC00E688A7 /* YLScanViewSetting.swift in Sources */ = {isa = PBXBuildFile; fileRef = 112AE81B1E2CA4CC00E688A7 /* YLScanViewSetting.swift */; };
		11377B8F1E1CA4C6008A23E8 /* AppDelegate.swift in Sources */ = {isa = PBXBuildFile; fileRef = 11377B8E1E1CA4C6008A23E8 /* AppDelegate.swift */; };
		11377B911E1CA4C6008A23E8 /* ViewController.swift in Sources */ = {isa = PBXBuildFile; fileRef = 11377B901E1CA4C6008A23E8 /* ViewController.swift */; };
		11377B941E1CA4C6008A23E8 /* Main.storyboard in Resources */ = {isa = PBXBuildFile; fileRef = 11377B921E1CA4C6008A23E8 /* Main.storyboard */; };
		11377B961E1CA4C6008A23E8 /* Assets.xcassets in Resources */ = {isa = PBXBuildFile; fileRef = 11377B951E1CA4C6008A23E8 /* Assets.xcassets */; };
		11377B991E1CA4C6008A23E8 /* LaunchScreen.storyboard in Resources */ = {isa = PBXBuildFile; fileRef = 11377B971E1CA4C6008A23E8 /* LaunchScreen.storyboard */; };
		1164B7961E247B1100D58D1C /* YLPhonePermissions.swift in Sources */ = {isa = PBXBuildFile; fileRef = 1164B7951E247B1100D58D1C /* YLPhonePermissions.swift */; };
		1164B7981E24850500D58D1C /* YLScanViewSytle.swift in Sources */ = {isa = PBXBuildFile; fileRef = 1164B7971E24850500D58D1C /* YLScanViewSytle.swift */; };
		1164B79A1E25BD1300D58D1C /* YLScanLineAnimation.swift in Sources */ = {isa = PBXBuildFile; fileRef = 1164B7991E25BD1300D58D1C /* YLScanLineAnimation.swift */; };
/* End PBXBuildFile section */

/* Begin PBXFileReference section */
		112AE8151E2BAB3500E688A7 /* YLScanView.swift */ = {isa = PBXFileReference; fileEncoding = 4; lastKnownFileType = sourcecode.swift; path = YLScanView.swift; sourceTree = "<group>"; };
		112AE8171E2BAB8900E688A7 /* YLScanViewController.swift */ = {isa = PBXFileReference; fileEncoding = 4; lastKnownFileType = sourcecode.swift; path = YLScanViewController.swift; sourceTree = "<group>"; };
		112AE8191E2C9F3200E688A7 /* YLScanIcon.bundle */ = {isa = PBXFileReference; lastKnownFileType = "wrapper.plug-in"; path = YLScanIcon.bundle; sourceTree = "<group>"; };
		112AE81B1E2CA4CC00E688A7 /* YLScanViewSetting.swift */ = {isa = PBXFileReference; fileEncoding = 4; lastKnownFileType = sourcecode.swift; path = YLScanViewSetting.swift; sourceTree = "<group>"; };
		11377B8B1E1CA4C6008A23E8 /* YLScan.app */ = {isa = PBXFileReference; explicitFileType = wrapper.application; includeInIndex = 0; path = YLScan.app; sourceTree = BUILT_PRODUCTS_DIR; };
		11377B8E1E1CA4C6008A23E8 /* AppDelegate.swift */ = {isa = PBXFileReference; lastKnownFileType = sourcecode.swift; path = AppDelegate.swift; sourceTree = "<group>"; };
		11377B901E1CA4C6008A23E8 /* ViewController.swift */ = {isa = PBXFileReference; lastKnownFileType = sourcecode.swift; path = ViewController.swift; sourceTree = "<group>"; };
		11377B931E1CA4C6008A23E8 /* Base */ = {isa = PBXFileReference; lastKnownFileType = file.storyboard; name = Base; path = Base.lproj/Main.storyboard; sourceTree = "<group>"; };
		11377B951E1CA4C6008A23E8 /* Assets.xcassets */ = {isa = PBXFileReference; lastKnownFileType = folder.assetcatalog; path = Assets.xcassets; sourceTree = "<group>"; };
		11377B981E1CA4C6008A23E8 /* Base */ = {isa = PBXFileReference; lastKnownFileType = file.storyboard; name = Base; path = Base.lproj/LaunchScreen.storyboard; sourceTree = "<group>"; };
		11377B9A1E1CA4C6008A23E8 /* Info.plist */ = {isa = PBXFileReference; lastKnownFileType = text.plist.xml; path = Info.plist; sourceTree = "<group>"; };
		1164B7951E247B1100D58D1C /* YLPhonePermissions.swift */ = {isa = PBXFileReference; fileEncoding = 4; lastKnownFileType = sourcecode.swift; path = YLPhonePermissions.swift; sourceTree = "<group>"; };
		1164B7971E24850500D58D1C /* YLScanViewSytle.swift */ = {isa = PBXFileReference; fileEncoding = 4; lastKnownFileType = sourcecode.swift; path = YLScanViewSytle.swift; sourceTree = "<group>"; };
		1164B7991E25BD1300D58D1C /* YLScanLineAnimation.swift */ = {isa = PBXFileReference; fileEncoding = 4; lastKnownFileType = sourcecode.swift; path = YLScanLineAnimation.swift; sourceTree = "<group>"; };
/* End PBXFileReference section */

/* Begin PBXFrameworksBuildPhase section */
		11377B881E1CA4C6008A23E8 /* Frameworks */ = {
			isa = PBXFrameworksBuildPhase;
			buildActionMask = 2147483647;
			files = (
			);
			runOnlyForDeploymentPostprocessing = 0;
		};
/* End PBXFrameworksBuildPhase section */

/* Begin PBXGroup section */
		11377B821E1CA4C6008A23E8 = {
			isa = PBXGroup;
			children = (
				11377B8D1E1CA4C6008A23E8 /* YLScan */,
				11377B8C1E1CA4C6008A23E8 /* Products */,
			);
			sourceTree = "<group>";
		};
		11377B8C1E1CA4C6008A23E8 /* Products */ = {
			isa = PBXGroup;
			children = (
				11377B8B1E1CA4C6008A23E8 /* YLScan.app */,
			);
			name = Products;
			sourceTree = "<group>";
		};
		11377B8D1E1CA4C6008A23E8 /* YLScan */ = {
			isa = PBXGroup;
			children = (
				112AE8191E2C9F3200E688A7 /* YLScanIcon.bundle */,
				1164B7951E247B1100D58D1C /* YLPhonePermissions.swift */,
				11377B8E1E1CA4C6008A23E8 /* AppDelegate.swift */,
				11377B901E1CA4C6008A23E8 /* ViewController.swift */,
				11377B921E1CA4C6008A23E8 /* Main.storyboard */,
				11377B951E1CA4C6008A23E8 /* Assets.xcassets */,
				11377B971E1CA4C6008A23E8 /* LaunchScreen.storyboard */,
				11377B9A1E1CA4C6008A23E8 /* Info.plist */,
				1164B7971E24850500D58D1C /* YLScanViewSytle.swift */,
				1164B7991E25BD1300D58D1C /* YLScanLineAnimation.swift */,
				112AE8151E2BAB3500E688A7 /* YLScanView.swift */,
				112AE8171E2BAB8900E688A7 /* YLScanViewController.swift */,
				112AE81B1E2CA4CC00E688A7 /* YLScanViewSetting.swift */,
			);
			path = YLScan;
			sourceTree = "<group>";
		};
/* End PBXGroup section */

/* Begin PBXNativeTarget section */
		11377B8A1E1CA4C6008A23E8 /* YLScan */ = {
			isa = PBXNativeTarget;
			buildConfigurationList = 11377B9D1E1CA4C6008A23E8 /* Build configuration list for PBXNativeTarget "YLScan" */;
			buildPhases = (
				11377B871E1CA4C6008A23E8 /* Sources */,
				11377B881E1CA4C6008A23E8 /* Frameworks */,
				11377B891E1CA4C6008A23E8 /* Resources */,
			);
			buildRules = (
			);
			dependencies = (
			);
			name = YLScan;
			productName = YLScan;
			productReference = 11377B8B1E1CA4C6008A23E8 /* YLScan.app */;
			productType = "com.apple.product-type.application";
		};
/* End PBXNativeTarget section */

/* Begin PBXProject section */
		11377B831E1CA4C6008A23E8 /* Project object */ = {
			isa = PBXProject;
			attributes = {
				LastSwiftUpdateCheck = 0810;
				LastUpgradeCheck = 0810;
				ORGANIZATIONNAME = "ios-mac";
				TargetAttributes = {
					11377B8A1E1CA4C6008A23E8 = {
						CreatedOnToolsVersion = 8.1;
						DevelopmentTeam = KD59NK3467;
						ProvisioningStyle = Automatic;
					};
				};
			};
			buildConfigurationList = 11377B861E1CA4C6008A23E8 /* Build configuration list for PBXProject "YLScan" */;
			compatibilityVersion = "Xcode 3.2";
			developmentRegion = English;
			hasScannedForEncodings = 0;
			knownRegions = (
				en,
				Base,
			);
			mainGroup = 11377B821E1CA4C6008A23E8;
			productRefGroup = 11377B8C1E1CA4C6008A23E8 /* Products */;
			projectDirPath = "";
			projectRoot = "";
			targets = (
				11377B8A1E1CA4C6008A23E8 /* YLScan */,
			);
		};
/* End PBXProject section */

/* Begin PBXResourcesBuildPhase section */
		11377B891E1CA4C6008A23E8 /* Resources */ = {
			isa = PBXResourcesBuildPhase;
			buildActionMask = 2147483647;
			files = (
				112AE81A1E2C9F3200E688A7 /* YLScanIcon.bundle in Resources */,
				11377B991E1CA4C6008A23E8 /* LaunchScreen.storyboard in Resources */,
				11377B961E1CA4C6008A23E8 /* Assets.xcassets in Resources */,
				11377B941E1CA4C6008A23E8 /* Main.storyboard in Resources */,
			);
			runOnlyForDeploymentPostprocessing = 0;
		};
/* End PBXResourcesBuildPhase section */

/* Begin PBXSourcesBuildPhase section */
		11377B871E1CA4C6008A23E8 /* Sources */ = {
			isa = PBXSourcesBuildPhase;
			buildActionMask = 2147483647;
			files = (
				1164B79A1E25BD1300D58D1C /* YLScanLineAnimation.swift in Sources */,
				11377B911E1CA4C6008A23E8 /* ViewController.swift in Sources */,
				112AE8161E2BAB3500E688A7 /* YLScanView.swift in Sources */,
				112AE8181E2BAB8900E688A7 /* YLScanViewController.swift in Sources */,
				1164B7961E247B1100D58D1C /* YLPhonePermissions.swift in Sources */,
				112AE81C1E2CA4CC00E688A7 /* YLScanViewSetting.swift in Sources */,
				1164B7981E24850500D58D1C /* YLScanViewSytle.swift in Sources */,
				11377B8F1E1CA4C6008A23E8 /* AppDelegate.swift in Sources */,
			);
			runOnlyForDeploymentPostprocessing = 0;
		};
/* End PBXSourcesBuildPhase section */

/* Begin PBXVariantGroup section */
		11377B921E1CA4C6008A23E8 /* Main.storyboard */ = {
			isa = PBXVariantGroup;
			children = (
				11377B931E1CA4C6008A23E8 /* Base */,
			);
			name = Main.storyboard;
			sourceTree = "<group>";
		};
		11377B971E1CA4C6008A23E8 /* LaunchScreen.storyboard */ = {
			isa = PBXVariantGroup;
			children = (
				11377B981E1CA4C6008A23E8 /* Base */,
			);
			name = LaunchScreen.storyboard;
			sourceTree = "<group>";
		};
/* End PBXVariantGroup section */

/* Begin XCBuildConfiguration section */
		11377B9B1E1CA4C6008A23E8 /* Debug */ = {
			isa = XCBuildConfiguration;
			buildSettings = {
				ALWAYS_SEARCH_USER_PATHS = NO;
				CLANG_ANALYZER_NONNULL = YES;
				CLANG_CXX_LANGUAGE_STANDARD = "gnu++0x";
				CLANG_CXX_LIBRARY = "libc++";
				CLANG_ENABLE_MODULES = YES;
				CLANG_ENABLE_OBJC_ARC = YES;
				CLANG_WARN_BOOL_CONVERSION = YES;
				CLANG_WARN_CONSTANT_CONVERSION = YES;
				CLANG_WARN_DIRECT_OBJC_ISA_USAGE = YES_ERROR;
				CLANG_WARN_DOCUMENTATION_COMMENTS = YES;
				CLANG_WARN_EMPTY_BODY = YES;
				CLANG_WARN_ENUM_CONVERSION = YES;
				CLANG_WARN_INFINITE_RECURSION = YES;
				CLANG_WARN_INT_CONVERSION = YES;
				CLANG_WARN_OBJC_ROOT_CLASS = YES_ERROR;
				CLANG_WARN_SUSPICIOUS_MOVES = YES;
				CLANG_WARN_UNREACHABLE_CODE = YES;
				CLANG_WARN__DUPLICATE_METHOD_MATCH = YES;
				"CODE_SIGN_IDENTITY[sdk=iphoneos*]" = "iPhone Developer";
				COPY_PHASE_STRIP = NO;
				DEBUG_INFORMATION_FORMAT = dwarf;
				ENABLE_STRICT_OBJC_MSGSEND = YES;
				ENABLE_TESTABILITY = YES;
				GCC_C_LANGUAGE_STANDARD = gnu99;
				GCC_DYNAMIC_NO_PIC = NO;
				GCC_NO_COMMON_BLOCKS = YES;
				GCC_OPTIMIZATION_LEVEL = 0;
				GCC_PREPROCESSOR_DEFINITIONS = (
					"DEBUG=1",
					"$(inherited)",
				);
				GCC_WARN_64_TO_32_BIT_CONVERSION = YES;
				GCC_WARN_ABOUT_RETURN_TYPE = YES_ERROR;
				GCC_WARN_UNDECLARED_SELECTOR = YES;
				GCC_WARN_UNINITIALIZED_AUTOS = YES_AGGRESSIVE;
				GCC_WARN_UNUSED_FUNCTION = YES;
				GCC_WARN_UNUSED_VARIABLE = YES;
				IPHONEOS_DEPLOYMENT_TARGET = 10.1;
				MTL_ENABLE_DEBUG_INFO = YES;
				ONLY_ACTIVE_ARCH = YES;
				SDKROOT = iphoneos;
				SWIFT_ACTIVE_COMPILATION_CONDITIONS = DEBUG;
				SWIFT_OPTIMIZATION_LEVEL = "-Onone";
			};
			name = Debug;
		};
		11377B9C1E1CA4C6008A23E8 /* Release */ = {
			isa = XCBuildConfiguration;
			buildSettings = {
				ALWAYS_SEARCH_USER_PATHS = NO;
				CLANG_ANALYZER_NONNULL = YES;
				CLANG_CXX_LANGUAGE_STANDARD = "gnu++0x";
				CLANG_CXX_LIBRARY = "libc++";
				CLANG_ENABLE_MODULES = YES;
				CLANG_ENABLE_OBJC_ARC = YES;
				CLANG_WARN_BOOL_CONVERSION = YES;
				CLANG_WARN_CONSTANT_CONVERSION = YES;
				CLANG_WARN_DIRECT_OBJC_ISA_USAGE = YES_ERROR;
				CLANG_WARN_DOCUMENTATION_COMMENTS = YES;
				CLANG_WARN_EMPTY_BODY = YES;
				CLANG_WARN_ENUM_CONVERSION = YES;
				CLANG_WARN_INFINITE_RECURSION = YES;
				CLANG_WARN_INT_CONVERSION = YES;
				CLANG_WARN_OBJC_ROOT_CLASS = YES_ERROR;
				CLANG_WARN_SUSPICIOUS_MOVES = YES;
				CLANG_WARN_UNREACHABLE_CODE = YES;
				CLANG_WARN__DUPLICATE_METHOD_MATCH = YES;
				"CODE_SIGN_IDENTITY[sdk=iphoneos*]" = "iPhone Developer";
				COPY_PHASE_STRIP = NO;
				DEBUG_INFORMATION_FORMAT = "dwarf-with-dsym";
				ENABLE_NS_ASSERTIONS = NO;
				ENABLE_STRICT_OBJC_MSGSEND = YES;
				GCC_C_LANGUAGE_STANDARD = gnu99;
				GCC_NO_COMMON_BLOCKS = YES;
				GCC_WARN_64_TO_32_BIT_CONVERSION = YES;
				GCC_WARN_ABOUT_RETURN_TYPE = YES_ERROR;
				GCC_WARN_UNDECLARED_SELECTOR = YES;
				GCC_WARN_UNINITIALIZED_AUTOS = YES_AGGRESSIVE;
				GCC_WARN_UNUSED_FUNCTION = YES;
				GCC_WARN_UNUSED_VARIABLE = YES;
				IPHONEOS_DEPLOYMENT_TARGET = 10.1;
				MTL_ENABLE_DEBUG_INFO = NO;
				SDKROOT = iphoneos;
				SWIFT_OPTIMIZATION_LEVEL = "-Owholemodule";
				VALIDATE_PRODUCT = YES;
			};
			name = Release;
		};
		11377B9E1E1CA4C6008A23E8 /* Debug */ = {
			isa = XCBuildConfiguration;
			buildSettings = {
				ASSETCATALOG_COMPILER_APPICON_NAME = AppIcon;
				DEVELOPMENT_TEAM = KD59NK3467;
				INFOPLIST_FILE = YLScan/Info.plist;
				IPHONEOS_DEPLOYMENT_TARGET = 8.0;
				LD_RUNPATH_SEARCH_PATHS = "$(inherited) @executable_path/Frameworks";
				PRODUCT_BUNDLE_IDENTIFIER = com.wangliugen.YLScan;
				PRODUCT_NAME = "$(TARGET_NAME)";
				SWIFT_VERSION = 3.0;
			};
			name = Debug;
		};
		11377B9F1E1CA4C6008A23E8 /* Release */ = {
			isa = XCBuildConfiguration;
			buildSettings = {
				ASSETCATALOG_COMPILER_APPICON_NAME = AppIcon;
				DEVELOPMENT_TEAM = KD59NK3467;
				INFOPLIST_FILE = YLScan/Info.plist;
				IPHONEOS_DEPLOYMENT_TARGET = 8.0;
				LD_RUNPATH_SEARCH_PATHS = "$(inherited) @executable_path/Frameworks";
				PRODUCT_BUNDLE_IDENTIFIER = com.wangliugen.YLScan;
				PRODUCT_NAME = "$(TARGET_NAME)";
				SWIFT_VERSION = 3.0;
			};
			name = Release;
		};
/* End XCBuildConfiguration section */

/* Begin XCConfigurationList section */
		11377B861E1CA4C6008A23E8 /* Build configuration list for PBXProject "YLScan" */ = {
			isa = XCConfigurationList;
			buildConfigurations = (
				11377B9B1E1CA4C6008A23E8 /* Debug */,
				11377B9C1E1CA4C6008A23E8 /* Release */,
			);
			defaultConfigurationIsVisible = 0;
			defaultConfigurationName = Release;
		};
		11377B9D1E1CA4C6008A23E8 /* Build configuration list for PBXNativeTarget "YLScan" */ = {
			isa = XCConfigurationList;
			buildConfigurations = (
				11377B9E1E1CA4C6008A23E8 /* Debug */,
				11377B9F1E1CA4C6008A23E8 /* Release */,
			);
			defaultConfigurationIsVisible = 0;
			defaultConfigurationName = Release;
		};
/* End XCConfigurationList section */
	};
	rootObject = 11377B831E1CA4C6008A23E8 /* Project object */;
}
